// !$*UTF8*$!
{
	archiveVersion = 1;
	classes = {
	};
	objectVersion = 48;
	objects = {

/* Begin PBXBuildFile section */
		69C3CC101FAAE88B005D705A /* AppDelegate.m in Sources */ = {isa = PBXBuildFile; fileRef = 69C3CC0F1FAAE88B005D705A /* AppDelegate.m */; };
		69C3CC161FAAE88B005D705A /* Main.storyboard in Resources */ = {isa = PBXBuildFile; fileRef = 69C3CC141FAAE88B005D705A /* Main.storyboard */; };
		69C3CC181FAAE88B005D705A /* Assets.xcassets in Resources */ = {isa = PBXBuildFile; fileRef = 69C3CC171FAAE88B005D705A /* Assets.xcassets */; };
		69C3CC1B1FAAE88B005D705A /* LaunchScreen.storyboard in Resources */ = {isa = PBXBuildFile; fileRef = 69C3CC191FAAE88B005D705A /* LaunchScreen.storyboard */; };
		69C3CC1E1FAAE88B005D705A /* main.m in Sources */ = {isa = PBXBuildFile; fileRef = 69C3CC1D1FAAE88B005D705A /* main.m */; };
		69C3CC261FAAE8D4005D705A /* ZZTableViewController.m in Sources */ = {isa = PBXBuildFile; fileRef = 69C3CC251FAAE8D4005D705A /* ZZTableViewController.m */; };
		69C3CC2A1FAAE95E005D705A /* ZZProgressView.m in Sources */ = {isa = PBXBuildFile; fileRef = 69C3CC291FAAE95E005D705A /* ZZProgressView.m */; };
		69C3CC2D1FAAEF97005D705A /* ZZTableViewCell.m in Sources */ = {isa = PBXBuildFile; fileRef = 69C3CC2C1FAAEF97005D705A /* ZZTableViewCell.m */; };
/* End PBXBuildFile section */

/* Begin PBXFileReference section */
		69C3CC0B1FAAE88B005D705A /* ZZAnimationDemo.app */ = {isa = PBXFileReference; explicitFileType = wrapper.application; includeInIndex = 0; path = ZZAnimationDemo.app; sourceTree = BUILT_PRODUCTS_DIR; };
		69C3CC0E1FAAE88B005D705A /* AppDelegate.h */ = {isa = PBXFileReference; lastKnownFileType = sourcecode.c.h; path = AppDelegate.h; sourceTree = "<group>"; };
		69C3CC0F1FAAE88B005D705A /* AppDelegate.m */ = {isa = PBXFileReference; lastKnownFileType = sourcecode.c.objc; path = AppDelegate.m; sourceTree = "<group>"; };
		69C3CC151FAAE88B005D705A /* Base */ = {isa = PBXFileReference; lastKnownFileType = file.storyboard; name = Base; path = Base.lproj/Main.storyboard; sourceTree = "<group>"; };
		69C3CC171FAAE88B005D705A /* Assets.xcassets */ = {isa = PBXFileReference; lastKnownFileType = folder.assetcatalog; path = Assets.xcassets; sourceTree = "<group>"; };
		69C3CC1A1FAAE88B005D705A /* Base */ = {isa = PBXFileReference; lastKnownFileType = file.storyboard; name = Base; path = Base.lproj/LaunchScreen.storyboard; sourceTree = "<group>"; };
		69C3CC1C1FAAE88B005D705A /* Info.plist */ = {isa = PBXFileReference; lastKnownFileType = text.plist.xml; path = Info.plist; sourceTree = "<group>"; };
		69C3CC1D1FAAE88B005D705A /* main.m */ = {isa = PBXFileReference; lastKnownFileType = sourcecode.c.objc; path = main.m; sourceTree = "<group>"; };
		69C3CC241FAAE8D4005D705A /* ZZTableViewController.h */ = {isa = PBXFileReference; lastKnownFileType = sourcecode.c.h; path = ZZTableViewController.h; sourceTree = "<group>"; };
		69C3CC251FAAE8D4005D705A /* ZZTableViewController.m */ = {isa = PBXFileReference; lastKnownFileType = sourcecode.c.objc; path = ZZTableViewController.m; sourceTree = "<group>"; };
		69C3CC281FAAE95E005D705A /* ZZProgressView.h */ = {isa = PBXFileReference; lastKnownFileType = sourcecode.c.h; path = ZZProgressView.h; sourceTree = "<group>"; };
		69C3CC291FAAE95E005D705A /* ZZProgressView.m */ = {isa = PBXFileReference; lastKnownFileType = sourcecode.c.objc; path = ZZProgressView.m; sourceTree = "<group>"; };
		69C3CC2B1FAAEF97005D705A /* ZZTableViewCell.h */ = {isa = PBXFileReference; lastKnownFileType = sourcecode.c.h; path = ZZTableViewCell.h; sourceTree = "<group>"; };
		69C3CC2C1FAAEF97005D705A /* ZZTableViewCell.m */ = {isa = PBXFileReference; lastKnownFileType = sourcecode.c.objc; path = ZZTableViewCell.m; sourceTree = "<group>"; };
/* End PBXFileReference section */

/* Begin PBXFrameworksBuildPhase section */
		69C3CC081FAAE88B005D705A /* Frameworks */ = {
			isa = PBXFrameworksBuildPhase;
			buildActionMask = 2147483647;
			files = (
			);
			runOnlyForDeploymentPostprocessing = 0;
		};
/* End PBXFrameworksBuildPhase section */

/* Begin PBXGroup section */
		69C3CC021FAAE88B005D705A = {
			isa = PBXGroup;
			children = (
				69C3CC0D1FAAE88B005D705A /* ZZAnimationDemo */,
				69C3CC0C1FAAE88B005D705A /* Products */,
			);
			sourceTree = "<group>";
		};
		69C3CC0C1FAAE88B005D705A /* Products */ = {
			isa = PBXGroup;
			children = (
				69C3CC0B1FAAE88B005D705A /* ZZAnimationDemo.app */,
			);
			name = Products;
			sourceTree = "<group>";
		};
		69C3CC0D1FAAE88B005D705A /* ZZAnimationDemo */ = {
			isa = PBXGroup;
			children = (
				69C3CC271FAAE93C005D705A /* AnimaitonView */,
				69C3CC0E1FAAE88B005D705A /* AppDelegate.h */,
				69C3CC0F1FAAE88B005D705A /* AppDelegate.m */,
				69C3CC241FAAE8D4005D705A /* ZZTableViewController.h */,
				69C3CC251FAAE8D4005D705A /* ZZTableViewController.m */,
				69C3CC2B1FAAEF97005D705A /* ZZTableViewCell.h */,
				69C3CC2C1FAAEF97005D705A /* ZZTableViewCell.m */,
				69C3CC141FAAE88B005D705A /* Main.storyboard */,
				69C3CC171FAAE88B005D705A /* Assets.xcassets */,
				69C3CC191FAAE88B005D705A /* LaunchScreen.storyboard */,
				69C3CC1C1FAAE88B005D705A /* Info.plist */,
				69C3CC1D1FAAE88B005D705A /* main.m */,
			);
			path = ZZAnimationDemo;
			sourceTree = "<group>";
		};
		69C3CC271FAAE93C005D705A /* AnimaitonView */ = {
			isa = PBXGroup;
			children = (
				69C3CC281FAAE95E005D705A /* ZZProgressView.h */,
				69C3CC291FAAE95E005D705A /* ZZProgressView.m */,
			);
			path = AnimaitonView;
			sourceTree = "<group>";
		};
/* End PBXGroup section */

/* Begin PBXNativeTarget section */
		69C3CC0A1FAAE88B005D705A /* ZZAnimationDemo */ = {
			isa = PBXNativeTarget;
			buildConfigurationList = 69C3CC211FAAE88B005D705A /* Build configuration list for PBXNativeTarget "ZZAnimationDemo" */;
			buildPhases = (
				69C3CC071FAAE88B005D705A /* Sources */,
				69C3CC081FAAE88B005D705A /* Frameworks */,
				69C3CC091FAAE88B005D705A /* Resources */,
			);
			buildRules = (
			);
			dependencies = (
			);
			name = ZZAnimationDemo;
			productName = ZZAnimationDemo;
			productReference = 69C3CC0B1FAAE88B005D705A /* ZZAnimationDemo.app */;
			productType = "com.apple.product-type.application";
		};
/* End PBXNativeTarget section */

/* Begin PBXProject section */
		69C3CC031FAAE88B005D705A /* Project object */ = {
			isa = PBXProject;
			attributes = {
				LastUpgradeCheck = 0900;
				ORGANIZATIONNAME = apple;
				TargetAttributes = {
					69C3CC0A1FAAE88B005D705A = {
						CreatedOnToolsVersion = 9.0.1;
						ProvisioningStyle = Automatic;
					};
				};
			};
			buildConfigurationList = 69C3CC061FAAE88B005D705A /* Build configuration list for PBXProject "ZZAnimationDemo" */;
			compatibilityVersion = "Xcode 8.0";
			developmentRegion = en;
			hasScannedForEncodings = 0;
			knownRegions = (
				en,
				Base,
			);
			mainGroup = 69C3CC021FAAE88B005D705A;
			productRefGroup = 69C3CC0C1FAAE88B005D705A /* Products */;
			projectDirPath = "";
			projectRoot = "";
			targets = (
				69C3CC0A1FAAE88B005D705A /* ZZAnimationDemo */,
			);
		};
/* End PBXProject section */

/* Begin PBXResourcesBuildPhase section */
		69C3CC091FAAE88B005D705A /* Resources */ = {
			isa = PBXResourcesBuildPhase;
			buildActionMask = 2147483647;
			files = (
				69C3CC1B1FAAE88B005D705A /* LaunchScreen.storyboard in Resources */,
				69C3CC181FAAE88B005D705A /* Assets.xcassets in Resources */,
				69C3CC161FAAE88B005D705A /* Main.storyboard in Resources */,
			);
			runOnlyForDeploymentPostprocessing = 0;
		};
/* End PBXResourcesBuildPhase section */

/* Begin PBXSourcesBuildPhase section */
		69C3CC071FAAE88B005D705A /* Sources */ = {
			isa = PBXSourcesBuildPhase;
			buildActionMask = 2147483647;
			files = (
				69C3CC261FAAE8D4005D705A /* ZZTableViewController.m in Sources */,
				69C3CC1E1FAAE88B005D705A /* main.m in Sources */,
				69C3CC2D1FAAEF97005D705A /* ZZTableViewCell.m in Sources */,
				69C3CC101FAAE88B005D705A /* AppDelegate.m in Sources */,
				69C3CC2A1FAAE95E005D705A /* ZZProgressView.m in Sources */,
			);
			runOnlyForDeploymentPostprocessing = 0;
		};
/* End PBXSourcesBuildPhase section */

/* Begin PBXVariantGroup section */
		69C3CC141FAAE88B005D705A /* Main.storyboard */ = {
			isa = PBXVariantGroup;
			children = (
				69C3CC151FAAE88B005D705A /* Base */,
			);
			name = Main.storyboard;
			sourceTree = "<group>";
		};
		69C3CC191FAAE88B005D705A /* LaunchScreen.storyboard */ = {
			isa = PBXVariantGroup;
			children = (
				69C3CC1A1FAAE88B005D705A /* Base */,
			);
			name = LaunchScreen.storyboard;
			sourceTree = "<group>";
		};
/* End PBXVariantGroup section */

/* Begin XCBuildConfiguration section */
		69C3CC1F1FAAE88B005D705A /* Debug */ = {
			isa = XCBuildConfiguration;
			buildSettings = {
				ALWAYS_SEARCH_USER_PATHS = NO;
				CLANG_ANALYZER_NONNULL = YES;
				CLANG_ANALYZER_NUMBER_OBJECT_CONVERSION = YES_AGGRESSIVE;
				CLANG_CXX_LANGUAGE_STANDARD = "gnu++14";
				CLANG_CXX_LIBRARY = "libc++";
				CLANG_ENABLE_MODULES = YES;
				CLANG_ENABLE_OBJC_ARC = YES;
				CLANG_WARN_BLOCK_CAPTURE_AUTORELEASING = YES;
				CLANG_WARN_BOOL_CONVERSION = YES;
				CLANG_WARN_COMMA = YES;
				CLANG_WARN_CONSTANT_CONVERSION = YES;
				CLANG_WARN_DIRECT_OBJC_ISA_USAGE = YES_ERROR;
				CLANG_WARN_DOCUMENTATION_COMMENTS = YES;
				CLANG_WARN_EMPTY_BODY = YES;
				CLANG_WARN_ENUM_CONVERSION = YES;
				CLANG_WARN_INFINITE_RECURSION = YES;
				CLANG_WARN_INT_CONVERSION = YES;
				CLANG_WARN_NON_LITERAL_NULL_CONVERSION = YES;
				CLANG_WARN_OBJC_LITERAL_CONVERSION = YES;
				CLANG_WARN_OBJC_ROOT_CLASS = YES_ERROR;
				CLANG_WARN_RANGE_LOOP_ANALYSIS = YES;
				CLANG_WARN_STRICT_PROTOTYPES = YES;
				CLANG_WARN_SUSPICIOUS_MOVE = YES;
				CLANG_WARN_UNGUARDED_AVAILABILITY = YES_AGGRESSIVE;
				CLANG_WARN_UNREACHABLE_CODE = YES;
				CLANG_WARN__DUPLICATE_METHOD_MATCH = YES;
				CODE_SIGN_IDENTITY = "iPhone Developer";
				COPY_PHASE_STRIP = NO;
				DEBUG_INFORMATION_FORMAT = dwarf;
				ENABLE_STRICT_OBJC_MSGSEND = YES;
				ENABLE_TESTABILITY = YES;
				GCC_C_LANGUAGE_STANDARD = gnu11;
				GCC_DYNAMIC_NO_PIC = NO;
				GCC_NO_COMMON_BLOCKS = YES;
				GCC_OPTIMIZATION_LEVEL = 0;
				GCC_PREPROCESSOR_DEFINITIONS = (
					"DEBUG=1",
					"$(inherited)",
				);
				GCC_WARN_64_TO_32_BIT_CONVERSION = YES;
				GCC_WARN_ABOUT_RETURN_TYPE = YES_ERROR;
				GCC_WARN_UNDECLARED_SELECTOR = YES;
				GCC_WARN_UNINITIALIZED_AUTOS = YES_AGGRESSIVE;
				GCC_WARN_UNUSED_FUNCTION = YES;
				GCC_WARN_UNUSED_VARIABLE = YES;
				IPHONEOS_DEPLOYMENT_TARGET = 11.0;
				MTL_ENABLE_DEBUG_INFO = YES;
				ONLY_ACTIVE_ARCH = YES;
				SDKROOT = iphoneos;
			};
			name = Debug;
		};
		69C3CC201FAAE88B005D705A /* Release */ = {
			isa = XCBuildConfiguration;
			buildSettings = {
				ALWAYS_SEARCH_USER_PATHS = NO;
				CLANG_ANALYZER_NONNULL = YES;
				CLANG_ANALYZER_NUMBER_OBJECT_CONVERSION = YES_AGGRESSIVE;
				CLANG_CXX_LANGUAGE_STANDARD = "gnu++14";
				CLANG_CXX_LIBRARY = "libc++";
				CLANG_ENABLE_MODULES = YES;
				CLANG_ENABLE_OBJC_ARC = YES;
				CLANG_WARN_BLOCK_CAPTURE_AUTORELEASING = YES;
				CLANG_WARN_BOOL_CONVERSION = YES;
				CLANG_WARN_COMMA = YES;
				CLANG_WARN_CONSTANT_CONVERSION = YES;
				CLANG_WARN_DIRECT_OBJC_ISA_USAGE = YES_ERROR;
				CLANG_WARN_DOCUMENTATION_COMMENTS = YES;
				CLANG_WARN_EMPTY_BODY = YES;
				CLANG_WARN_ENUM_CONVERSION = YES;
				CLANG_WARN_INFINITE_RECURSION = YES;
				CLANG_WARN_INT_CONVERSION = YES;
				CLANG_WARN_NON_LITERAL_NULL_CONVERSION = YES;
				CLANG_WARN_OBJC_LITERAL_CONVERSION = YES;
				CLANG_WARN_OBJC_ROOT_CLASS = YES_ERROR;
				CLANG_WARN_RANGE_LOOP_ANALYSIS = YES;
				CLANG_WARN_STRICT_PROTOTYPES = YES;
				CLANG_WARN_SUSPICIOUS_MOVE = YES;
				CLANG_WARN_UNGUARDED_AVAILABILITY = YES_AGGRESSIVE;
				CLANG_WARN_UNREACHABLE_CODE = YES;
				CLANG_WARN__DUPLICATE_METHOD_MATCH = YES;
				CODE_SIGN_IDENTITY = "iPhone Developer";
				COPY_PHASE_STRIP = NO;
				DEBUG_INFORMATION_FORMAT = "dwarf-with-dsym";
				ENABLE_NS_ASSERTIONS = NO;
				ENABLE_STRICT_OBJC_MSGSEND = YES;
				GCC_C_LANGUAGE_STANDARD = gnu11;
				GCC_NO_COMMON_BLOCKS = YES;
				GCC_WARN_64_TO_32_BIT_CONVERSION = YES;
				GCC_WARN_ABOUT_RETURN_TYPE = YES_ERROR;
				GCC_WARN_UNDECLARED_SELECTOR = YES;
				GCC_WARN_UNINITIALIZED_AUTOS = YES_AGGRESSIVE;
				GCC_WARN_UNUSED_FUNCTION = YES;
				GCC_WARN_UNUSED_VARIABLE = YES;
				IPHONEOS_DEPLOYMENT_TARGET = 11.0;
				MTL_ENABLE_DEBUG_INFO = NO;
				SDKROOT = iphoneos;
				VALIDATE_PRODUCT = YES;
			};
			name = Release;
		};
		69C3CC221FAAE88B005D705A /* Debug */ = {
			isa = XCBuildConfiguration;
			buildSettings = {
				ASSETCATALOG_COMPILER_APPICON_NAME = AppIcon;
				CODE_SIGN_STYLE = Automatic;
				DEVELOPMENT_TEAM = 679CU7MYWL;
				INFOPLIST_FILE = ZZAnimationDemo/Info.plist;
				LD_RUNPATH_SEARCH_PATHS = "$(inherited) @executable_path/Frameworks";
				PRODUCT_BUNDLE_IDENTIFIER = com.mopote.ZZAnimationDemo;
				PRODUCT_NAME = "$(TARGET_NAME)";
				TARGETED_DEVICE_FAMILY = "1,2";
			};
			name = Debug;
		};
		69C3CC231FAAE88B005D705A /* Release */ = {
			isa = XCBuildConfiguration;
			buildSettings = {
				ASSETCATALOG_COMPILER_APPICON_NAME = AppIcon;
				CODE_SIGN_STYLE = Automatic;
				DEVELOPMENT_TEAM = 679CU7MYWL;
				INFOPLIST_FILE = ZZAnimationDemo/Info.plist;
				LD_RUNPATH_SEARCH_PATHS = "$(inherited) @executable_path/Frameworks";
				PRODUCT_BUNDLE_IDENTIFIER = com.mopote.ZZAnimationDemo;
				PRODUCT_NAME = "$(TARGET_NAME)";
				TARGETED_DEVICE_FAMILY = "1,2";
			};
			name = Release;
		};
/* End XCBuildConfiguration section */

/* Begin XCConfigurationList section */
		69C3CC061FAAE88B005D705A /* Build configuration list for PBXProject "ZZAnimationDemo" */ = {
			isa = XCConfigurationList;
			buildConfigurations = (
				69C3CC1F1FAAE88B005D705A /* Debug */,
				69C3CC201FAAE88B005D705A /* Release */,
			);
			defaultConfigurationIsVisible = 0;
			defaultConfigurationName = Release;
		};
		69C3CC211FAAE88B005D705A /* Build configuration list for PBXNativeTarget "ZZAnimationDemo" */ = {
			isa = XCConfigurationList;
			buildConfigurations = (
				69C3CC221FAAE88B005D705A /* Debug */,
				69C3CC231FAAE88B005D705A /* Release */,
			);
			defaultConfigurationIsVisible = 0;
			defaultConfigurationName = Release;
		};
/* End XCConfigurationList section */
	};
	rootObject = 69C3CC031FAAE88B005D705A /* Project object */;
}
